<?xml version="1.0" encoding="utf-8"?>
<Project ToolsVersion="4.0" xmlns="http://schemas.microsoft.com/developer/msbuild/2003">
  <ItemGroup>
    <Filter Include="Source Files">
      <UniqueIdentifier>{4FC737F1-C7A5-4376-A066-2A32D752A2FF}</UniqueIdentifier>
      <Extensions>cpp;c;cc;cxx;def;odl;idl;hpj;bat;asm;asmx</Extensions>
    </Filter>
    <Filter Include="Header Files">
      <UniqueIdentifier>{93995380-89BD-4b04-88EB-625FBE52EBFB}</UniqueIdentifier>
      <Extensions>h;hh;hpp;hxx;hm;inl;inc;ipp;xsd</Extensions>
    </Filter>
    <Filter Include="Resource Files">
      <UniqueIdentifier>{67DA6AB6-F800-4c08-8B7A-83BB121AAD01}</UniqueIdentifier>
      <Extensions>rc;ico;cur;bmp;dlg;rc2;rct;bin;rgs;gif;jpg;jpeg;jpe;resx;tiff;tif;png;wav;mfcribbon-ms</Extensions>
    </Filter>
  </ItemGroup>
  <ItemGroup>
    <ClInclude Include="include\halflife\cl_dll\ammo.h">
      <Filter>Header Files</Filter>
    </ClInclude>
    <ClInclude Include="include\halflife\cl_dll\ammohistory.h">
      <Filter>Header Files</Filter>
    </ClInclude>
    <ClInclude Include="include\halflife\cl_dll\bench.h">
      <Filter>Header Files</Filter>
    </ClInclude>
    <ClInclude Include="include\halflife\cl_dll\camera.h">
      <Filter>Header Files</Filter>
    </ClInclude>
    <ClInclude Include="include\halflife\cl_dll\cl_dll.h">
      <Filter>Header Files</Filter>
    </ClInclude>
    <ClInclude Include="include\halflife\cl_dll\cl_util.h">
      <Filter>Header Files</Filter>
    </ClInclude>
    <ClInclude Include="include\halflife\cl_dll\com_weapons.h">
      <Filter>Header Files</Filter>
    </ClInclude>
    <ClInclude Include="include\halflife\cl_dll\demo.h">
      <Filter>Header Files</Filter>
    </ClInclude>
    <ClInclude Include="include\halflife\cl_dll\ev_hldm.h">
      <Filter>Header Files</Filter>
    </ClInclude>
    <ClInclude Include="include\halflife\cl_dll\eventscripts.h">
      <Filter>Header Files</Filter>
    </ClInclude>
    <ClInclude Include="include\halflife\cl_dll\Exports.h">
      <Filter>Header Files</Filter>
    </ClInclude>
    <ClInclude Include="include\halflife\cl_dll\GameStudioModelRenderer.h">
      <Filter>Header Files</Filter>
    </ClInclude>
    <ClInclude Include="include\halflife\cl_dll\GameStudioModelRenderer_Sample.h">
      <Filter>Header Files</Filter>
    </ClInclude>
    <ClInclude Include="include\halflife\cl_dll\global_consts.h">
      <Filter>Header Files</Filter>
    </ClInclude>
    <ClInclude Include="include\halflife\cl_dll\health.h">
      <Filter>Header Files</Filter>
    </ClInclude>
    <ClInclude Include="include\halflife\cl_dll\hud.h">
      <Filter>Header Files</Filter>
    </ClInclude>
    <ClInclude Include="include\halflife\cl_dll\hud_benchtrace.h">
      <Filter>Header Files</Filter>
    </ClInclude>
    <ClInclude Include="include\halflife\cl_dll\hud_iface.h">
      <Filter>Header Files</Filter>
    </ClInclude>
    <ClInclude Include="include\halflife\cl_dll\hud_servers.h">
      <Filter>Header Files</Filter>
    </ClInclude>
    <ClInclude Include="include\halflife\cl_dll\hud_servers_priv.h">
      <Filter>Header Files</Filter>
    </ClInclude>
    <ClInclude Include="include\halflife\cl_dll\hud_spectator.h">
      <Filter>Header Files</Filter>
    </ClInclude>
    <ClInclude Include="include\halflife\cl_dll\in_defs.h">
      <Filter>Header Files</Filter>
    </ClInclude>
    <ClInclude Include="include\halflife\cl_dll\interpolation.h">
      <Filter>Header Files</Filter>
    </ClInclude>
    <ClInclude Include="include\halflife\cl_dll\kbutton.h">
      <Filter>Header Files</Filter>
    </ClInclude>
    <ClInclude Include="include\halflife\cl_dll\overview.h">
      <Filter>Header Files</Filter>
    </ClInclude>
    <ClInclude Include="include\halflife\cl_dll\player_info.h">
      <Filter>Header Files</Filter>
    </ClInclude>
    <ClInclude Include="include\halflife\cl_dll\studio_util.h">
      <Filter>Header Files</Filter>
    </ClInclude>
    <ClInclude Include="include\halflife\cl_dll\StudioModelRenderer.h">
      <Filter>Header Files</Filter>
    </ClInclude>
    <ClInclude Include="include\halflife\cl_dll\tf_defs.h">
      <Filter>Header Files</Filter>
    </ClInclude>
    <ClInclude Include="include\halflife\cl_dll\tri.h">
      <Filter>Header Files</Filter>
    </ClInclude>
    <ClInclude Include="include\halflife\cl_dll\util_vector.h">
      <Filter>Header Files</Filter>
    </ClInclude>
    <ClInclude Include="include\halflife\cl_dll\vgui_ConsolePanel.h">
      <Filter>Header Files</Filter>
    </ClInclude>
    <ClInclude Include="include\halflife\cl_dll\vgui_ControlConfigPanel.h">
      <Filter>Header Files</Filter>
    </ClInclude>
    <ClInclude Include="include\halflife\cl_dll\vgui_int.h">
      <Filter>Header Files</Filter>
    </ClInclude>
    <ClInclude Include="include\halflife\cl_dll\vgui_SchemeManager.h">
      <Filter>Header Files</Filter>
    </ClInclude>
    <ClInclude Include="include\halflife\cl_dll\vgui_ScorePanel.h">
      <Filter>Header Files</Filter>
    </ClInclude>
    <ClInclude Include="include\halflife\cl_dll\vgui_ServerBrowser.h">
      <Filter>Header Files</Filter>
    </ClInclude>
    <ClInclude Include="include\halflife\cl_dll\vgui_SpectatorPanel.h">
      <Filter>Header Files</Filter>
    </ClInclude>
    <ClInclude Include="include\halflife\cl_dll\vgui_TeamFortressViewport.h">
      <Filter>Header Files</Filter>
    </ClInclude>
    <ClInclude Include="include\halflife\cl_dll\view.h">
      <Filter>Header Files</Filter>
    </ClInclude>
    <ClInclude Include="include\halflife\cl_dll\voice_status.h">
      <Filter>Header Files</Filter>
    </ClInclude>
    <ClInclude Include="include\halflife\cl_dll\wrect.h">
      <Filter>Header Files</Filter>
    </ClInclude>
    <ClInclude Include="include\halflife\common\beamdef.h">
      <Filter>Header Files</Filter>
    </ClInclude>
    <ClInclude Include="include\halflife\common\cl_entity.h">
      <Filter>Header Files</Filter>
    </ClInclude>
    <ClInclude Include="include\halflife\common\com_model.h">
      <Filter>Header Files</Filter>
    </ClInclude>
    <ClInclude Include="include\halflife\common\con_nprint.h">
      <Filter>Header Files</Filter>
    </ClInclude>
    <ClInclude Include="include\halflife\common\const.h">
      <Filter>Header Files</Filter>
    </ClInclude>
    <ClInclude Include="include\halflife\common\crc.h">
      <Filter>Header Files</Filter>
    </ClInclude>
    <ClInclude Include="include\halflife\common\cvardef.h">
      <Filter>Header Files</Filter>
    </ClInclude>
    <ClInclude Include="include\halflife\common\demo_api.h">
      <Filter>Header Files</Filter>
    </ClInclude>
    <ClInclude Include="include\halflife\common\director_cmds.h">
      <Filter>Header Files</Filter>
    </ClInclude>
    <ClInclude Include="include\halflife\common\dlight.h">
      <Filter>Header Files</Filter>
    </ClInclude>
    <ClInclude Include="include\halflife\common\dll_state.h">
      <Filter>Header Files</Filter>
    </ClInclude>
    <ClInclude Include="include\halflife\common\entity_state.h">
      <Filter>Header Files</Filter>
    </ClInclude>
    <ClInclude Include="include\halflife\common\entity_types.h">
      <Filter>Header Files</Filter>
    </ClInclude>
    <ClInclude Include="include\halflife\common\enums.h">
      <Filter>Header Files</Filter>
    </ClInclude>
    <ClInclude Include="include\halflife\common\event_api.h">
      <Filter>Header Files</Filter>
    </ClInclude>
    <ClInclude Include="include\halflife\common\event_args.h">
      <Filter>Header Files</Filter>
    </ClInclude>
    <ClInclude Include="include\halflife\common\event_flags.h">
      <Filter>Header Files</Filter>
    </ClInclude>
    <ClInclude Include="include\halflife\common\hltv.h">
      <Filter>Header Files</Filter>
    </ClInclude>
    <ClInclude Include="include\halflife\common\in_buttons.h">
      <Filter>Header Files</Filter>
    </ClInclude>
    <ClInclude Include="include\halflife\common\interface.h">
      <Filter>Header Files</Filter>
    </ClInclude>
    <ClInclude Include="include\halflife\common\ivoicetweak.h">
      <Filter>Header Files</Filter>
    </ClInclude>
    <ClInclude Include="include\halflife\common\mathlib.h">
      <Filter>Header Files</Filter>
    </ClInclude>
    <ClInclude Include="include\halflife\common\net_api.h">
      <Filter>Header Files</Filter>
    </ClInclude>
    <ClInclude Include="include\halflife\common\netadr.h">
      <Filter>Header Files</Filter>
    </ClInclude>
    <ClInclude Include="include\halflife\common\nowin.h">
      <Filter>Header Files</Filter>
    </ClInclude>
    <ClInclude Include="include\halflife\common\parsemsg.h">
      <Filter>Header Files</Filter>
    </ClInclude>
    <ClInclude Include="include\halflife\common\particledef.h">
      <Filter>Header Files</Filter>
    </ClInclude>
    <ClInclude Include="include\halflife\common\pmtrace.h">
      <Filter>Header Files</Filter>
    </ClInclude>
    <ClInclude Include="include\halflife\common\port.h">
      <Filter>Header Files</Filter>
    </ClInclude>
    <ClInclude Include="include\halflife\common\qfont.h">
      <Filter>Header Files</Filter>
    </ClInclude>
    <ClInclude Include="include\halflife\common\r_efx.h">
      <Filter>Header Files</Filter>
    </ClInclude>
    <ClInclude Include="include\halflife\common\r_studioint.h">
      <Filter>Header Files</Filter>
    </ClInclude>
    <ClInclude Include="include\halflife\common\ref_params.h">
      <Filter>Header Files</Filter>
    </ClInclude>
    <ClInclude Include="include\halflife\common\screenfade.h">
      <Filter>Header Files</Filter>
    </ClInclude>
    <ClInclude Include="include\halflife\common\Sequence.h">
      <Filter>Header Files</Filter>
    </ClInclude>
    <ClInclude Include="include\halflife\common\studio_event.h">
      <Filter>Header Files</Filter>
    </ClInclude>
    <ClInclude Include="include\halflife\common\triangleapi.h">
      <Filter>Header Files</Filter>
    </ClInclude>
    <ClInclude Include="include\halflife\common\usercmd.h">
      <Filter>Header Files</Filter>
    </ClInclude>
    <ClInclude Include="include\halflife\common\weaponinfo.h">
      <Filter>Header Files</Filter>
    </ClInclude>
    <ClInclude Include="include\halflife\common\winsani_in.h">
      <Filter>Header Files</Filter>
    </ClInclude>
    <ClInclude Include="include\halflife\common\winsani_out.h">
      <Filter>Header Files</Filter>
    </ClInclude>
    <ClInclude Include="include\halflife\dlls\activity.h">
      <Filter>Header Files</Filter>
    </ClInclude>
    <ClInclude Include="include\halflife\dlls\activitymap.h">
      <Filter>Header Files</Filter>
    </ClInclude>
    <ClInclude Include="include\halflife\dlls\animation.h">
      <Filter>Header Files</Filter>
    </ClInclude>
    <ClInclude Include="include\halflife\dlls\basemonster.h">
      <Filter>Header Files</Filter>
    </ClInclude>
    <ClInclude Include="include\halflife\dlls\cbase.h">
      <Filter>Header Files</Filter>
    </ClInclude>
    <ClInclude Include="include\halflife\dlls\cdll_dll.h">
      <Filter>Header Files</Filter>
    </ClInclude>
    <ClInclude Include="include\halflife\dlls\client.h">
      <Filter>Header Files</Filter>
    </ClInclude>
    <ClInclude Include="include\halflife\dlls\decals.h">
      <Filter>Header Files</Filter>
    </ClInclude>
    <ClInclude Include="include\halflife\dlls\defaultai.h">
      <Filter>Header Files</Filter>
    </ClInclude>
    <ClInclude Include="include\halflife\dlls\doors.h">
      <Filter>Header Files</Filter>
    </ClInclude>
    <ClInclude Include="include\halflife\dlls\effects.h">
      <Filter>Header Files</Filter>
    </ClInclude>
    <ClInclude Include="include\halflife\dlls\enginecallback.h">
      <Filter>Header Files</Filter>
    </ClInclude>
    <ClInclude Include="include\halflife\dlls\explode.h">
      <Filter>Header Files</Filter>
    </ClInclude>
    <ClInclude Include="include\halflife\dlls\extdll.h">
      <Filter>Header Files</Filter>
    </ClInclude>
    <ClInclude Include="include\halflife\dlls\flyingmonster.h">
      <Filter>Header Files</Filter>
    </ClInclude>
    <ClInclude Include="include\halflife\dlls\func_break.h">
      <Filter>Header Files</Filter>
    </ClInclude>
    <ClInclude Include="include\halflife\dlls\game.h">
      <Filter>Header Files</Filter>
    </ClInclude>
    <ClInclude Include="include\halflife\dlls\gamerules.h">
      <Filter>Header Files</Filter>
    </ClInclude>
    <ClInclude Include="include\halflife\dlls\hornet.h">
      <Filter>Header Files</Filter>
    </ClInclude>
    <ClInclude Include="include\halflife\dlls\items.h">
      <Filter>Header Files</Filter>
    </ClInclude>
    <ClInclude Include="include\halflife\dlls\maprules.h">
      <Filter>Header Files</Filter>
    </ClInclude>
    <ClInclude Include="include\halflife\dlls\monsterevent.h">
      <Filter>Header Files</Filter>
    </ClInclude>
    <ClInclude Include="include\halflife\dlls\monsters.h">
      <Filter>Header Files</Filter>
    </ClInclude>
    <ClInclude Include="include\halflife\dlls\nodes.h">
      <Filter>Header Files</Filter>
    </ClInclude>
    <ClInclude Include="include\halflife\dlls\plane.h">
      <Filter>Header Files</Filter>
    </ClInclude>
    <ClInclude Include="include\halflife\dlls\player.h">
      <Filter>Header Files</Filter>
    </ClInclude>
    <ClInclude Include="include\halflife\dlls\saverestore.h">
      <Filter>Header Files</Filter>
    </ClInclude>
    <ClInclude Include="include\halflife\dlls\schedule.h">
      <Filter>Header Files</Filter>
    </ClInclude>
    <ClInclude Include="include\halflife\dlls\scripted.h">
      <Filter>Header Files</Filter>
    </ClInclude>
    <ClInclude Include="include\halflife\dlls\scriptevent.h">
      <Filter>Header Files</Filter>
    </ClInclude>
    <ClInclude Include="include\halflife\dlls\skill.h">
      <Filter>Header Files</Filter>
    </ClInclude>
    <ClInclude Include="include\halflife\dlls\soundent.h">
      <Filter>Header Files</Filter>
    </ClInclude>
    <ClInclude Include="include\halflife\dlls\spectator.h">
      <Filter>Header Files</Filter>
    </ClInclude>
    <ClInclude Include="include\halflife\dlls\squad.h">
      <Filter>Header Files</Filter>
    </ClInclude>
    <ClInclude Include="include\halflife\dlls\squadmonster.h">
      <Filter>Header Files</Filter>
    </ClInclude>
    <ClInclude Include="include\halflife\dlls\talkmonster.h">
      <Filter>Header Files</Filter>
    </ClInclude>
    <ClInclude Include="include\halflife\dlls\teamplay_gamerules.h">
      <Filter>Header Files</Filter>
    </ClInclude>
    <ClInclude Include="include\halflife\dlls\trains.h">
      <Filter>Header Files</Filter>
    </ClInclude>
    <ClInclude Include="include\halflife\dlls\util.h">
      <Filter>Header Files</Filter>
    </ClInclude>
    <ClInclude Include="include\halflife\dlls\vector.h">
      <Filter>Header Files</Filter>
    </ClInclude>
    <ClInclude Include="include\halflife\dlls\weapons.h">
      <Filter>Header Files</Filter>
    </ClInclude>
    <ClInclude Include="include\halflife\dlls\wxdebug.h">
      <Filter>Header Files</Filter>
    </ClInclude>
    <ClInclude Include="include\halflife\dmc\cl_dll\ammo.h">
      <Filter>Header Files</Filter>
    </ClInclude>
    <ClInclude Include="include\halflife\dmc\cl_dll\ammohistory.h">
      <Filter>Header Files</Filter>
    </ClInclude>
    <ClInclude Include="include\halflife\dmc\cl_dll\camera.h">
      <Filter>Header Files</Filter>
    </ClInclude>
    <ClInclude Include="include\halflife\dmc\cl_dll\cl_dll.h">
      <Filter>Header Files</Filter>
    </ClInclude>
    <ClInclude Include="include\halflife\dmc\cl_dll\cl_util.h">
      <Filter>Header Files</Filter>
    </ClInclude>
    <ClInclude Include="include\halflife\dmc\cl_dll\com_model.h">
      <Filter>Header Files</Filter>
    </ClInclude>
    <ClInclude Include="include\halflife\dmc\cl_dll\com_weapons.h">
      <Filter>Header Files</Filter>
    </ClInclude>
    <ClInclude Include="include\halflife\dmc\cl_dll\demo.h">
      <Filter>Header Files</Filter>
    </ClInclude>
    <ClInclude Include="include\halflife\dmc\cl_dll\DMC_BSPFile.h">
      <Filter>Header Files</Filter>
    </ClInclude>
    <ClInclude Include="include\halflife\dmc\cl_dll\DMC_Teleporters.h">
      <Filter>Header Files</Filter>
    </ClInclude>
    <ClInclude Include="include\halflife\dmc\cl_dll\ev_hldm.h">
      <Filter>Header Files</Filter>
    </ClInclude>
    <ClInclude Include="include\halflife\dmc\cl_dll\eventscripts.h">
      <Filter>Header Files</Filter>
    </ClInclude>
    <ClInclude Include="include\halflife\dmc\cl_dll\Exports.h">
      <Filter>Header Files</Filter>
    </ClInclude>
    <ClInclude Include="include\halflife\dmc\cl_dll\GameStudioModelRenderer.h">
      <Filter>Header Files</Filter>
    </ClInclude>
    <ClInclude Include="include\halflife\dmc\cl_dll\health.h">
      <Filter>Header Files</Filter>
    </ClInclude>
    <ClInclude Include="include\halflife\dmc\cl_dll\hud.h">
      <Filter>Header Files</Filter>
    </ClInclude>
    <ClInclude Include="include\halflife\dmc\cl_dll\hud_iface.h">
      <Filter>Header Files</Filter>
    </ClInclude>
    <ClInclude Include="include\halflife\dmc\cl_dll\hud_servers.h">
      <Filter>Header Files</Filter>
    </ClInclude>
    <ClInclude Include="include\halflife\dmc\cl_dll\hud_servers_priv.h">
      <Filter>Header Files</Filter>
    </ClInclude>
    <ClInclude Include="include\halflife\dmc\cl_dll\hud_spectator.h">
      <Filter>Header Files</Filter>
    </ClInclude>
    <ClInclude Include="include\halflife\dmc\cl_dll\in_defs.h">
      <Filter>Header Files</Filter>
    </ClInclude>
    <ClInclude Include="include\halflife\dmc\cl_dll\kbutton.h">
      <Filter>Header Files</Filter>
    </ClInclude>
    <ClInclude Include="include\halflife\dmc\cl_dll\studio_util.h">
      <Filter>Header Files</Filter>
    </ClInclude>
    <ClInclude Include="include\halflife\dmc\cl_dll\StudioModelRenderer.h">
      <Filter>Header Files</Filter>
    </ClInclude>
    <ClInclude Include="include\halflife\dmc\cl_dll\util.h">
      <Filter>Header Files</Filter>
    </ClInclude>
    <ClInclude Include="include\halflife\dmc\cl_dll\util_vector.h">
      <Filter>Header Files</Filter>
    </ClInclude>
    <ClInclude Include="include\halflife\dmc\cl_dll\vgui_ControlConfigPanel.h">
      <Filter>Header Files</Filter>
    </ClInclude>
    <ClInclude Include="include\halflife\dmc\cl_dll\vgui_int.h">
      <Filter>Header Files</Filter>
    </ClInclude>
    <ClInclude Include="include\halflife\dmc\cl_dll\vgui_SchemeManager.h">
      <Filter>Header Files</Filter>
    </ClInclude>
    <ClInclude Include="include\halflife\dmc\cl_dll\vgui_ScorePanel.h">
      <Filter>Header Files</Filter>
    </ClInclude>
    <ClInclude Include="include\halflife\dmc\cl_dll\vgui_ServerBrowser.h">
      <Filter>Header Files</Filter>
    </ClInclude>
    <ClInclude Include="include\halflife\dmc\cl_dll\vgui_SpectatorPanel.h">
      <Filter>Header Files</Filter>
    </ClInclude>
    <ClInclude Include="include\halflife\dmc\cl_dll\vgui_viewport.h">
      <Filter>Header Files</Filter>
    </ClInclude>
    <ClInclude Include="include\halflife\dmc\cl_dll\view.h">
      <Filter>Header Files</Filter>
    </ClInclude>
    <ClInclude Include="include\halflife\dmc\cl_dll\voice_status.h">
      <Filter>Header Files</Filter>
    </ClInclude>
    <ClInclude Include="include\halflife\dmc\cl_dll\wrect.h">
      <Filter>Header Files</Filter>
    </ClInclude>
    <ClInclude Include="include\halflife\dmc\dlls\activity.h">
      <Filter>Header Files</Filter>
    </ClInclude>
    <ClInclude Include="include\halflife\dmc\dlls\activitymap.h">
      <Filter>Header Files</Filter>
    </ClInclude>
    <ClInclude Include="include\halflife\dmc\dlls\animation.h">
      <Filter>Header Files</Filter>
    </ClInclude>
    <ClInclude Include="include\halflife\dmc\dlls\basemonster.h">
      <Filter>Header Files</Filter>
    </ClInclude>
    <ClInclude Include="include\halflife\dmc\dlls\cbase.h">
      <Filter>Header Files</Filter>
    </ClInclude>
    <ClInclude Include="include\halflife\dmc\dlls\cdll_dll.h">
      <Filter>Header Files</Filter>
    </ClInclude>
    <ClInclude Include="include\halflife\dmc\dlls\client.h">
      <Filter>Header Files</Filter>
    </ClInclude>
    <ClInclude Include="include\halflife\dmc\dlls\decals.h">
      <Filter>Header Files</Filter>
    </ClInclude>
    <ClInclude Include="include\halflife\dmc\dlls\defaultai.h">
      <Filter>Header Files</Filter>
    </ClInclude>
    <ClInclude Include="include\halflife\dmc\dlls\doors.h">
      <Filter>Header Files</Filter>
    </ClInclude>
    <ClInclude Include="include\halflife\dmc\dlls\effects.h">
      <Filter>Header Files</Filter>
    </ClInclude>
    <ClInclude Include="include\halflife\dmc\dlls\enginecallback.h">
      <Filter>Header Files</Filter>
    </ClInclude>
    <ClInclude Include="include\halflife\dmc\dlls\explode.h">
      <Filter>Header Files</Filter>
    </ClInclude>
    <ClInclude Include="include\halflife\dmc\dlls\extdll.h">
      <Filter>Header Files</Filter>
    </ClInclude>
    <ClInclude Include="include\halflife\dmc\dlls\func_break.h">
      <Filter>Header Files</Filter>
    </ClInclude>
    <ClInclude Include="include\halflife\dmc\dlls\game.h">
      <Filter>Header Files</Filter>
    </ClInclude>
    <ClInclude Include="include\halflife\dmc\dlls\gamerules.h">
      <Filter>Header Files</Filter>
    </ClInclude>
    <ClInclude Include="include\halflife\dmc\dlls\items.h">
      <Filter>Header Files</Filter>
    </ClInclude>
    <ClInclude Include="include\halflife\dmc\dlls\maprules.h">
      <Filter>Header Files</Filter>
    </ClInclude>
    <ClInclude Include="include\halflife\dmc\dlls\monsterevent.h">
      <Filter>Header Files</Filter>
    </ClInclude>
    <ClInclude Include="include\halflife\dmc\dlls\monsters.h">
      <Filter>Header Files</Filter>
    </ClInclude>
    <ClInclude Include="include\halflife\dmc\dlls\nodes.h">
      <Filter>Header Files</Filter>
    </ClInclude>
    <ClInclude Include="include\halflife\dmc\dlls\plane.h">
      <Filter>Header Files</Filter>
    </ClInclude>
    <ClInclude Include="include\halflife\dmc\dlls\player.h">
      <Filter>Header Files</Filter>
    </ClInclude>
    <ClInclude Include="include\halflife\dmc\dlls\quake_gun.h">
      <Filter>Header Files</Filter>
    </ClInclude>
    <ClInclude Include="include\halflife\dmc\dlls\saverestore.h">
      <Filter>Header Files</Filter>
    </ClInclude>
    <ClInclude Include="include\halflife\dmc\dlls\schedule.h">
      <Filter>Header Files</Filter>
    </ClInclude>
    <ClInclude Include="include\halflife\dmc\dlls\scripted.h">
      <Filter>Header Files</Filter>
    </ClInclude>
    <ClInclude Include="include\halflife\dmc\dlls\scriptevent.h">
      <Filter>Header Files</Filter>
    </ClInclude>
    <ClInclude Include="include\halflife\dmc\dlls\skill.h">
      <Filter>Header Files</Filter>
    </ClInclude>
    <ClInclude Include="include\halflife\dmc\dlls\soundent.h">
      <Filter>Header Files</Filter>
    </ClInclude>
    <ClInclude Include="include\halflife\dmc\dlls\spectator.h">
      <Filter>Header Files</Filter>
    </ClInclude>
    <ClInclude Include="include\halflife\dmc\dlls\teamplay_gamerules.h">
      <Filter>Header Files</Filter>
    </ClInclude>
    <ClInclude Include="include\halflife\dmc\dlls\threewave_gamerules.h">
      <Filter>Header Files</Filter>
    </ClInclude>
    <ClInclude Include="include\halflife\dmc\dlls\trains.h">
      <Filter>Header Files</Filter>
    </ClInclude>
    <ClInclude Include="include\halflife\dmc\dlls\util.h">
      <Filter>Header Files</Filter>
    </ClInclude>
    <ClInclude Include="include\halflife\dmc\dlls\vector.h">
      <Filter>Header Files</Filter>
    </ClInclude>
    <ClInclude Include="include\halflife\dmc\dlls\weapons.h">
      <Filter>Header Files</Filter>
    </ClInclude>
    <ClInclude Include="include\halflife\dmc\pm_shared\pm_debug.h">
      <Filter>Header Files</Filter>
    </ClInclude>
    <ClInclude Include="include\halflife\dmc\pm_shared\pm_defs.h">
      <Filter>Header Files</Filter>
    </ClInclude>
    <ClInclude Include="include\halflife\dmc\pm_shared\pm_info.h">
      <Filter>Header Files</Filter>
    </ClInclude>
    <ClInclude Include="include\halflife\dmc\pm_shared\pm_materials.h">
      <Filter>Header Files</Filter>
    </ClInclude>
    <ClInclude Include="include\halflife\dmc\pm_shared\pm_movevars.h">
      <Filter>Header Files</Filter>
    </ClInclude>
    <ClInclude Include="include\halflife\dmc\pm_shared\pm_shared.h">
      <Filter>Header Files</Filter>
    </ClInclude>
    <ClInclude Include="include\halflife\engine\anorms.h">
      <Filter>Header Files</Filter>
    </ClInclude>
    <ClInclude Include="include\halflife\engine\APIProxy.h">
      <Filter>Header Files</Filter>
    </ClInclude>
    <ClInclude Include="include\halflife\engine\cdll_int.h">
      <Filter>Header Files</Filter>
    </ClInclude>
    <ClInclude Include="include\halflife\engine\custom.h">
      <Filter>Header Files</Filter>
    </ClInclude>
    <ClInclude Include="include\halflife\engine\customentity.h">
      <Filter>Header Files</Filter>
    </ClInclude>
    <ClInclude Include="include\halflife\engine\edict.h">
      <Filter>Header Files</Filter>
    </ClInclude>
    <ClInclude Include="include\halflife\engine\eiface.h">
      <Filter>Header Files</Filter>
    </ClInclude>
    <ClInclude Include="include\halflife\engine\progdefs.h">
      <Filter>Header Files</Filter>
    </ClInclude>
    <ClInclude Include="include\halflife\engine\progs.h">
      <Filter>Header Files</Filter>
    </ClInclude>
    <ClInclude Include="include\halflife\engine\shake.h">
      <Filter>Header Files</Filter>
    </ClInclude>
    <ClInclude Include="include\halflife\engine\studio.h">
      <Filter>Header Files</Filter>
    </ClInclude>
    <ClInclude Include="include\halflife\external\SDL2\begin_code.h">
      <Filter>Header Files</Filter>
    </ClInclude>
    <ClInclude Include="include\halflife\external\SDL2\close_code.h">
      <Filter>Header Files</Filter>
    </ClInclude>
    <ClInclude Include="include\halflife\external\SDL2\SDL.h">
      <Filter>Header Files</Filter>
    </ClInclude>
    <ClInclude Include="include\halflife\external\SDL2\SDL_assert.h">
      <Filter>Header Files</Filter>
    </ClInclude>
    <ClInclude Include="include\halflife\external\SDL2\SDL_atomic.h">
      <Filter>Header Files</Filter>
    </ClInclude>
    <ClInclude Include="include\halflife\external\SDL2\SDL_audio.h">
      <Filter>Header Files</Filter>
    </ClInclude>
    <ClInclude Include="include\halflife\external\SDL2\SDL_bits.h">
      <Filter>Header Files</Filter>
    </ClInclude>
    <ClInclude Include="include\halflife\external\SDL2\SDL_blendmode.h">
      <Filter>Header Files</Filter>
    </ClInclude>
    <ClInclude Include="include\halflife\external\SDL2\SDL_clipboard.h">
      <Filter>Header Files</Filter>
    </ClInclude>
    <ClInclude Include="include\halflife\external\SDL2\SDL_config.h">
      <Filter>Header Files</Filter>
    </ClInclude>
    <ClInclude Include="include\halflife\external\SDL2\SDL_config_android.h">
      <Filter>Header Files</Filter>
    </ClInclude>
    <ClInclude Include="include\halflife\external\SDL2\SDL_config_iphoneos.h">
      <Filter>Header Files</Filter>
    </ClInclude>
    <ClInclude Include="include\halflife\external\SDL2\SDL_config_macosx.h">
      <Filter>Header Files</Filter>
    </ClInclude>
    <ClInclude Include="include\halflife\external\SDL2\SDL_config_minimal.h">
      <Filter>Header Files</Filter>
    </ClInclude>
    <ClInclude Include="include\halflife\external\SDL2\SDL_config_nintendods.h">
      <Filter>Header Files</Filter>
    </ClInclude>
    <ClInclude Include="include\halflife\external\SDL2\SDL_config_pandora.h">
      <Filter>Header Files</Filter>
    </ClInclude>
    <ClInclude Include="include\halflife\external\SDL2\SDL_config_windows.h">
      <Filter>Header Files</Filter>
    </ClInclude>
    <ClInclude Include="include\halflife\external\SDL2\SDL_config_wiz.h">
      <Filter>Header Files</Filter>
    </ClInclude>
    <ClInclude Include="include\halflife\external\SDL2\SDL_copying.h">
      <Filter>Header Files</Filter>
    </ClInclude>
    <ClInclude Include="include\halflife\external\SDL2\SDL_cpuinfo.h">
      <Filter>Header Files</Filter>
    </ClInclude>
    <ClInclude Include="include\halflife\external\SDL2\SDL_endian.h">
      <Filter>Header Files</Filter>
    </ClInclude>
    <ClInclude Include="include\halflife\external\SDL2\SDL_error.h">
      <Filter>Header Files</Filter>
    </ClInclude>
    <ClInclude Include="include\halflife\external\SDL2\SDL_events.h">
      <Filter>Header Files</Filter>
    </ClInclude>
    <ClInclude Include="include\halflife\external\SDL2\SDL_gamecontroller.h">
      <Filter>Header Files</Filter>
    </ClInclude>
    <ClInclude Include="include\halflife\external\SDL2\SDL_gesture.h">
      <Filter>Header Files</Filter>
    </ClInclude>
    <ClInclude Include="include\halflife\external\SDL2\SDL_haptic.h">
      <Filter>Header Files</Filter>
    </ClInclude>
    <ClInclude Include="include\halflife\external\SDL2\SDL_hints.h">
      <Filter>Header Files</Filter>
    </ClInclude>
    <ClInclude Include="include\halflife\external\SDL2\SDL_input.h">
      <Filter>Header Files</Filter>
    </ClInclude>
    <ClInclude Include="include\halflife\external\SDL2\SDL_joystick.h">
      <Filter>Header Files</Filter>
    </ClInclude>
    <ClInclude Include="include\halflife\external\SDL2\SDL_keyboard.h">
      <Filter>Header Files</Filter>
    </ClInclude>
    <ClInclude Include="include\halflife\external\SDL2\SDL_keycode.h">
      <Filter>Header Files</Filter>
    </ClInclude>
    <ClInclude Include="include\halflife\external\SDL2\SDL_loadso.h">
      <Filter>Header Files</Filter>
    </ClInclude>
    <ClInclude Include="include\halflife\external\SDL2\SDL_log.h">
      <Filter>Header Files</Filter>
    </ClInclude>
    <ClInclude Include="include\halflife\external\SDL2\SDL_main.h">
      <Filter>Header Files</Filter>
    </ClInclude>
    <ClInclude Include="include\halflife\external\SDL2\SDL_messagebox.h">
      <Filter>Header Files</Filter>
    </ClInclude>
    <ClInclude Include="include\halflife\external\SDL2\SDL_mouse.h">
      <Filter>Header Files</Filter>
    </ClInclude>
    <ClInclude Include="include\halflife\external\SDL2\SDL_mutex.h">
      <Filter>Header Files</Filter>
    </ClInclude>
    <ClInclude Include="include\halflife\external\SDL2\SDL_name.h">
      <Filter>Header Files</Filter>
    </ClInclude>
    <ClInclude Include="include\halflife\external\SDL2\SDL_opengl.h">
      <Filter>Header Files</Filter>
    </ClInclude>
    <ClInclude Include="include\halflife\external\SDL2\SDL_opengles.h">
      <Filter>Header Files</Filter>
    </ClInclude>
    <ClInclude Include="include\halflife\external\SDL2\SDL_opengles2.h">
      <Filter>Header Files</Filter>
    </ClInclude>
    <ClInclude Include="include\halflife\external\SDL2\SDL_pixels.h">
      <Filter>Header Files</Filter>
    </ClInclude>
    <ClInclude Include="include\halflife\external\SDL2\SDL_platform.h">
      <Filter>Header Files</Filter>
    </ClInclude>
    <ClInclude Include="include\halflife\external\SDL2\SDL_power.h">
      <Filter>Header Files</Filter>
    </ClInclude>
    <ClInclude Include="include\halflife\external\SDL2\SDL_quit.h">
      <Filter>Header Files</Filter>
    </ClInclude>
    <ClInclude Include="include\halflife\external\SDL2\SDL_rect.h">
      <Filter>Header Files</Filter>
    </ClInclude>
    <ClInclude Include="include\halflife\external\SDL2\SDL_render.h">
      <Filter>Header Files</Filter>
    </ClInclude>
    <ClInclude Include="include\halflife\external\SDL2\SDL_revision.h">
      <Filter>Header Files</Filter>
    </ClInclude>
    <ClInclude Include="include\halflife\external\SDL2\SDL_rwops.h">
      <Filter>Header Files</Filter>
    </ClInclude>
    <ClInclude Include="include\halflife\external\SDL2\SDL_scancode.h">
      <Filter>Header Files</Filter>
    </ClInclude>
    <ClInclude Include="include\halflife\external\SDL2\SDL_shape.h">
      <Filter>Header Files</Filter>
    </ClInclude>
    <ClInclude Include="include\halflife\external\SDL2\SDL_stdinc.h">
      <Filter>Header Files</Filter>
    </ClInclude>
    <ClInclude Include="include\halflife\external\SDL2\SDL_surface.h">
      <Filter>Header Files</Filter>
    </ClInclude>
    <ClInclude Include="include\halflife\external\SDL2\SDL_system.h">
      <Filter>Header Files</Filter>
    </ClInclude>
    <ClInclude Include="include\halflife\external\SDL2\SDL_syswm.h">
      <Filter>Header Files</Filter>
    </ClInclude>
    <ClInclude Include="include\halflife\external\SDL2\SDL_test.h">
      <Filter>Header Files</Filter>
    </ClInclude>
    <ClInclude Include="include\halflife\external\SDL2\SDL_test_assert.h">
      <Filter>Header Files</Filter>
    </ClInclude>
    <ClInclude Include="include\halflife\external\SDL2\SDL_test_common.h">
      <Filter>Header Files</Filter>
    </ClInclude>
    <ClInclude Include="include\halflife\external\SDL2\SDL_test_compare.h">
      <Filter>Header Files</Filter>
    </ClInclude>
    <ClInclude Include="include\halflife\external\SDL2\SDL_test_crc32.h">
      <Filter>Header Files</Filter>
    </ClInclude>
    <ClInclude Include="include\halflife\external\SDL2\SDL_test_font.h">
      <Filter>Header Files</Filter>
    </ClInclude>
    <ClInclude Include="include\halflife\external\SDL2\SDL_test_fuzzer.h">
      <Filter>Header Files</Filter>
    </ClInclude>
    <ClInclude Include="include\halflife\external\SDL2\SDL_test_harness.h">
      <Filter>Header Files</Filter>
    </ClInclude>
    <ClInclude Include="include\halflife\external\SDL2\SDL_test_images.h">
      <Filter>Header Files</Filter>
    </ClInclude>
    <ClInclude Include="include\halflife\external\SDL2\SDL_test_log.h">
      <Filter>Header Files</Filter>
    </ClInclude>
    <ClInclude Include="include\halflife\external\SDL2\SDL_test_md5.h">
      <Filter>Header Files</Filter>
    </ClInclude>
    <ClInclude Include="include\halflife\external\SDL2\SDL_test_random.h">
      <Filter>Header Files</Filter>
    </ClInclude>
    <ClInclude Include="include\halflife\external\SDL2\SDL_thread.h">
      <Filter>Header Files</Filter>
    </ClInclude>
    <ClInclude Include="include\halflife\external\SDL2\SDL_timer.h">
      <Filter>Header Files</Filter>
    </ClInclude>
    <ClInclude Include="include\halflife\external\SDL2\SDL_touch.h">
      <Filter>Header Files</Filter>
    </ClInclude>
    <ClInclude Include="include\halflife\external\SDL2\SDL_types.h">
      <Filter>Header Files</Filter>
    </ClInclude>
    <ClInclude Include="include\halflife\external\SDL2\SDL_version.h">
      <Filter>Header Files</Filter>
    </ClInclude>
    <ClInclude Include="include\halflife\external\SDL2\SDL_video.h">
      <Filter>Header Files</Filter>
    </ClInclude>
    <ClInclude Include="include\halflife\game_shared\bot\bot.h">
      <Filter>Header Files</Filter>
    </ClInclude>
    <ClInclude Include="include\halflife\game_shared\bot\bot_constants.h">
      <Filter>Header Files</Filter>
    </ClInclude>
    <ClInclude Include="include\halflife\game_shared\bot\bot_manager.h">
      <Filter>Header Files</Filter>
    </ClInclude>
    <ClInclude Include="include\halflife\game_shared\bot\bot_profile.h">
      <Filter>Header Files</Filter>
    </ClInclude>
    <ClInclude Include="include\halflife\game_shared\bot\bot_util.h">
      <Filter>Header Files</Filter>
    </ClInclude>
    <ClInclude Include="include\halflife\game_shared\bot\improv.h">
      <Filter>Header Files</Filter>
    </ClInclude>
    <ClInclude Include="include\halflife\game_shared\bot\nav.h">
      <Filter>Header Files</Filter>
    </ClInclude>
    <ClInclude Include="include\halflife\game_shared\bot\nav_area.h">
      <Filter>Header Files</Filter>
    </ClInclude>
    <ClInclude Include="include\halflife\game_shared\bot\nav_node.h">
      <Filter>Header Files</Filter>
    </ClInclude>
    <ClInclude Include="include\halflife\game_shared\bot\nav_path.h">
      <Filter>Header Files</Filter>
    </ClInclude>
    <ClInclude Include="include\halflife\game_shared\bot\simple_state_machine.h">
      <Filter>Header Files</Filter>
    </ClInclude>
    <ClInclude Include="include\halflife\game_shared\bitvec.h">
      <Filter>Header Files</Filter>
    </ClInclude>
    <ClInclude Include="include\halflife\game_shared\GameEvent.h">
      <Filter>Header Files</Filter>
    </ClInclude>
    <ClInclude Include="include\halflife\game_shared\perf_counter.h">
      <Filter>Header Files</Filter>
    </ClInclude>
    <ClInclude Include="include\halflife\game_shared\shared_util.h">
      <Filter>Header Files</Filter>
    </ClInclude>
    <ClInclude Include="include\halflife\game_shared\simple_checksum.h">
      <Filter>Header Files</Filter>
    </ClInclude>
    <ClInclude Include="include\halflife\game_shared\steam_util.h">
      <Filter>Header Files</Filter>
    </ClInclude>
    <ClInclude Include="include\halflife\game_shared\vgui_checkbutton2.h">
      <Filter>Header Files</Filter>
    </ClInclude>
    <ClInclude Include="include\halflife\game_shared\vgui_defaultinputsignal.h">
      <Filter>Header Files</Filter>
    </ClInclude>
    <ClInclude Include="include\halflife\game_shared\vgui_grid.h">
      <Filter>Header Files</Filter>
    </ClInclude>
    <ClInclude Include="include\halflife\game_shared\vgui_helpers.h">
      <Filter>Header Files</Filter>
    </ClInclude>
    <ClInclude Include="include\halflife\game_shared\vgui_listbox.h">
      <Filter>Header Files</Filter>
    </ClInclude>
    <ClInclude Include="include\halflife\game_shared\vgui_loadtga.h">
      <Filter>Header Files</Filter>
    </ClInclude>
    <ClInclude Include="include\halflife\game_shared\vgui_scrollbar2.h">
      <Filter>Header Files</Filter>
    </ClInclude>
    <ClInclude Include="include\halflife\game_shared\vgui_slider2.h">
      <Filter>Header Files</Filter>
    </ClInclude>
    <ClInclude Include="include\halflife\game_shared\voice_banmgr.h">
      <Filter>Header Files</Filter>
    </ClInclude>
    <ClInclude Include="include\halflife\game_shared\voice_common.h">
      <Filter>Header Files</Filter>
    </ClInclude>
    <ClInclude Include="include\halflife\game_shared\voice_gamemgr.h">
      <Filter>Header Files</Filter>
    </ClInclude>
    <ClInclude Include="include\halflife\game_shared\voice_status.h">
      <Filter>Header Files</Filter>
    </ClInclude>
    <ClInclude Include="include\halflife\game_shared\voice_status_hud.h">
      <Filter>Header Files</Filter>
    </ClInclude>
    <ClInclude Include="include\halflife\game_shared\voice_vgui_tweakdlg.h">
      <Filter>Header Files</Filter>
    </ClInclude>
    <ClInclude Include="include\halflife\pm_shared\pm_debug.h">
      <Filter>Header Files</Filter>
    </ClInclude>
    <ClInclude Include="include\halflife\pm_shared\pm_defs.h">
      <Filter>Header Files</Filter>
    </ClInclude>
    <ClInclude Include="include\halflife\pm_shared\pm_info.h">
      <Filter>Header Files</Filter>
    </ClInclude>
    <ClInclude Include="include\halflife\pm_shared\pm_materials.h">
      <Filter>Header Files</Filter>
    </ClInclude>
    <ClInclude Include="include\halflife\pm_shared\pm_movevars.h">
      <Filter>Header Files</Filter>
    </ClInclude>
    <ClInclude Include="include\halflife\pm_shared\pm_shared.h">
      <Filter>Header Files</Filter>
    </ClInclude>
    <ClInclude Include="include\halflife\public\cl_dll\IGameClientExports.h">
      <Filter>Header Files</Filter>
    </ClInclude>
    <ClInclude Include="include\halflife\public\steam\steamtypes.h">
      <Filter>Header Files</Filter>
    </ClInclude>
    <ClInclude Include="include\halflife\public\archtypes.h">
      <Filter>Header Files</Filter>
    </ClInclude>
    <ClInclude Include="include\halflife\public\FileSystem.h">
      <Filter>Header Files</Filter>
    </ClInclude>
    <ClInclude Include="include\halflife\public\interface.h">
      <Filter>Header Files</Filter>
    </ClInclude>
    <ClInclude Include="include\halflife\public\keydefs.h">
      <Filter>Header Files</Filter>
    </ClInclude>
    <ClInclude Include="include\halflife\public\particleman.h">
      <Filter>Header Files</Filter>
    </ClInclude>
    <ClInclude Include="include\halflife\public\pman_particlemem.h">
      <Filter>Header Files</Filter>
    </ClInclude>
    <ClInclude Include="include\halflife\public\pman_triangleffect.h">
      <Filter>Header Files</Filter>
    </ClInclude>
    <ClInclude Include="include\halflife\ricochet\cl_dll\ammo.h">
      <Filter>Header Files</Filter>
    </ClInclude>
    <ClInclude Include="include\halflife\ricochet\cl_dll\ammohistory.h">
      <Filter>Header Files</Filter>
    </ClInclude>
    <ClInclude Include="include\halflife\ricochet\cl_dll\camera.h">
      <Filter>Header Files</Filter>
    </ClInclude>
    <ClInclude Include="include\halflife\ricochet\cl_dll\cl_dll.h">
      <Filter>Header Files</Filter>
    </ClInclude>
    <ClInclude Include="include\halflife\ricochet\cl_dll\cl_util.h">
      <Filter>Header Files</Filter>
    </ClInclude>
    <ClInclude Include="include\halflife\ricochet\cl_dll\com_weapons.h">
      <Filter>Header Files</Filter>
    </ClInclude>
    <ClInclude Include="include\halflife\ricochet\cl_dll\demo.h">
      <Filter>Header Files</Filter>
    </ClInclude>
    <ClInclude Include="include\halflife\ricochet\cl_dll\ev_hldm.h">
      <Filter>Header Files</Filter>
    </ClInclude>
    <ClInclude Include="include\halflife\ricochet\cl_dll\eventscripts.h">
      <Filter>Header Files</Filter>
    </ClInclude>
    <ClInclude Include="include\halflife\ricochet\cl_dll\Exports.h">
      <Filter>Header Files</Filter>
    </ClInclude>
    <ClInclude Include="include\halflife\ricochet\cl_dll\GameStudioModelRenderer.h">
      <Filter>Header Files</Filter>
    </ClInclude>
    <ClInclude Include="include\halflife\ricochet\cl_dll\health.h">
      <Filter>Header Files</Filter>
    </ClInclude>
    <ClInclude Include="include\halflife\ricochet\cl_dll\hud.h">
      <Filter>Header Files</Filter>
    </ClInclude>
    <ClInclude Include="include\halflife\ricochet\cl_dll\hud_iface.h">
      <Filter>Header Files</Filter>
    </ClInclude>
    <ClInclude Include="include\halflife\ricochet\cl_dll\hud_servers.h">
      <Filter>Header Files</Filter>
    </ClInclude>
    <ClInclude Include="include\halflife\ricochet\cl_dll\hud_servers_priv.h">
      <Filter>Header Files</Filter>
    </ClInclude>
    <ClInclude Include="include\halflife\ricochet\cl_dll\in_defs.h">
      <Filter>Header Files</Filter>
    </ClInclude>
    <ClInclude Include="include\halflife\ricochet\cl_dll\kbutton.h">
      <Filter>Header Files</Filter>
    </ClInclude>
    <ClInclude Include="include\halflife\ricochet\cl_dll\Ricochet_BSPFile.h">
      <Filter>Header Files</Filter>
    </ClInclude>
    <ClInclude Include="include\halflife\ricochet\cl_dll\Ricochet_JumpPads.h">
      <Filter>Header Files</Filter>
    </ClInclude>
    <ClInclude Include="include\halflife\ricochet\cl_dll\studio_util.h">
      <Filter>Header Files</Filter>
    </ClInclude>
    <ClInclude Include="include\halflife\ricochet\cl_dll\StudioModelRenderer.h">
      <Filter>Header Files</Filter>
    </ClInclude>
    <ClInclude Include="include\halflife\ricochet\cl_dll\tf_defs.h">
      <Filter>Header Files</Filter>
    </ClInclude>
    <ClInclude Include="include\halflife\ricochet\cl_dll\util_vector.h">
      <Filter>Header Files</Filter>
    </ClInclude>
    <ClInclude Include="include\halflife\ricochet\cl_dll\vgui_ConsolePanel.h">
      <Filter>Header Files</Filter>
    </ClInclude>
    <ClInclude Include="include\halflife\ricochet\cl_dll\vgui_ControlConfigPanel.h">
      <Filter>Header Files</Filter>
    </ClInclude>
    <ClInclude Include="include\halflife\ricochet\cl_dll\vgui_discobjects.h">
      <Filter>Header Files</Filter>
    </ClInclude>
    <ClInclude Include="include\halflife\ricochet\cl_dll\vgui_int.h">
      <Filter>Header Files</Filter>
    </ClInclude>
    <ClInclude Include="include\halflife\ricochet\cl_dll\vgui_SchemeManager.h">
      <Filter>Header Files</Filter>
    </ClInclude>
    <ClInclude Include="include\halflife\ricochet\cl_dll\vgui_ScorePanel.h">
      <Filter>Header Files</Filter>
    </ClInclude>
    <ClInclude Include="include\halflife\ricochet\cl_dll\vgui_ServerBrowser.h">
      <Filter>Header Files</Filter>
    </ClInclude>
    <ClInclude Include="include\halflife\ricochet\cl_dll\vgui_TeamFortressViewport.h">
      <Filter>Header Files</Filter>
    </ClInclude>
    <ClInclude Include="include\halflife\ricochet\cl_dll\view.h">
      <Filter>Header Files</Filter>
    </ClInclude>
    <ClInclude Include="include\halflife\ricochet\cl_dll\voice_status.h">
      <Filter>Header Files</Filter>
    </ClInclude>
    <ClInclude Include="include\halflife\ricochet\cl_dll\wrect.h">
      <Filter>Header Files</Filter>
    </ClInclude>
    <ClInclude Include="include\halflife\ricochet\dlls\activity.h">
      <Filter>Header Files</Filter>
    </ClInclude>
    <ClInclude Include="include\halflife\ricochet\dlls\activitymap.h">
      <Filter>Header Files</Filter>
    </ClInclude>
    <ClInclude Include="include\halflife\ricochet\dlls\animation.h">
      <Filter>Header Files</Filter>
    </ClInclude>
    <ClInclude Include="include\halflife\ricochet\dlls\basemonster.h">
      <Filter>Header Files</Filter>
    </ClInclude>
    <ClInclude Include="include\halflife\ricochet\dlls\cbase.h">
      <Filter>Header Files</Filter>
    </ClInclude>
    <ClInclude Include="include\halflife\ricochet\dlls\cdll_dll.h">
      <Filter>Header Files</Filter>
    </ClInclude>
    <ClInclude Include="include\halflife\ricochet\dlls\client.h">
      <Filter>Header Files</Filter>
    </ClInclude>
    <ClInclude Include="include\halflife\ricochet\dlls\decals.h">
      <Filter>Header Files</Filter>
    </ClInclude>
    <ClInclude Include="include\halflife\ricochet\dlls\disc_arena.h">
      <Filter>Header Files</Filter>
    </ClInclude>
    <ClInclude Include="include\halflife\ricochet\dlls\disc_objects.h">
      <Filter>Header Files</Filter>
    </ClInclude>
    <ClInclude Include="include\halflife\ricochet\dlls\disc_weapon.h">
      <Filter>Header Files</Filter>
    </ClInclude>
    <ClInclude Include="include\halflife\ricochet\dlls\discwar.h">
      <Filter>Header Files</Filter>
    </ClInclude>
    <ClInclude Include="include\halflife\ricochet\dlls\doors.h">
      <Filter>Header Files</Filter>
    </ClInclude>
    <ClInclude Include="include\halflife\ricochet\dlls\effects.h">
      <Filter>Header Files</Filter>
    </ClInclude>
    <ClInclude Include="include\halflife\ricochet\dlls\enginecallback.h">
      <Filter>Header Files</Filter>
    </ClInclude>
    <ClInclude Include="include\halflife\ricochet\dlls\explode.h">
      <Filter>Header Files</Filter>
    </ClInclude>
    <ClInclude Include="include\halflife\ricochet\dlls\extdll.h">
      <Filter>Header Files</Filter>
    </ClInclude>
    <ClInclude Include="include\halflife\ricochet\dlls\func_break.h">
      <Filter>Header Files</Filter>
    </ClInclude>
    <ClInclude Include="include\halflife\ricochet\dlls\game.h">
      <Filter>Header Files</Filter>
    </ClInclude>
    <ClInclude Include="include\halflife\ricochet\dlls\gamerules.h">
      <Filter>Header Files</Filter>
    </ClInclude>
    <ClInclude Include="include\halflife\ricochet\dlls\items.h">
      <Filter>Header Files</Filter>
    </ClInclude>
    <ClInclude Include="include\halflife\ricochet\dlls\maprules.h">
      <Filter>Header Files</Filter>
    </ClInclude>
    <ClInclude Include="include\halflife\ricochet\dlls\monsterevent.h">
      <Filter>Header Files</Filter>
    </ClInclude>
    <ClInclude Include="include\halflife\ricochet\dlls\monsters.h">
      <Filter>Header Files</Filter>
    </ClInclude>
    <ClInclude Include="include\halflife\ricochet\dlls\nodes.h">
      <Filter>Header Files</Filter>
    </ClInclude>
    <ClInclude Include="include\halflife\ricochet\dlls\plane.h">
      <Filter>Header Files</Filter>
    </ClInclude>
    <ClInclude Include="include\halflife\ricochet\dlls\player.h">
      <Filter>Header Files</Filter>
    </ClInclude>
    <ClInclude Include="include\halflife\ricochet\dlls\saverestore.h">
      <Filter>Header Files</Filter>
    </ClInclude>
    <ClInclude Include="include\halflife\ricochet\dlls\schedule.h">
      <Filter>Header Files</Filter>
    </ClInclude>
    <ClInclude Include="include\halflife\ricochet\dlls\scriptevent.h">
      <Filter>Header Files</Filter>
    </ClInclude>
    <ClInclude Include="include\halflife\ricochet\dlls\skill.h">
      <Filter>Header Files</Filter>
    </ClInclude>
    <ClInclude Include="include\halflife\ricochet\dlls\soundent.h">
      <Filter>Header Files</Filter>
    </ClInclude>
    <ClInclude Include="include\halflife\ricochet\dlls\spectator.h">
      <Filter>Header Files</Filter>
    </ClInclude>
    <ClInclude Include="include\halflife\ricochet\dlls\talkmonster.h">
      <Filter>Header Files</Filter>
    </ClInclude>
    <ClInclude Include="include\halflife\ricochet\dlls\teamplay_gamerules.h">
      <Filter>Header Files</Filter>
    </ClInclude>
    <ClInclude Include="include\halflife\ricochet\dlls\trains.h">
      <Filter>Header Files</Filter>
    </ClInclude>
    <ClInclude Include="include\halflife\ricochet\dlls\util.h">
      <Filter>Header Files</Filter>
    </ClInclude>
    <ClInclude Include="include\halflife\ricochet\dlls\vector.h">
      <Filter>Header Files</Filter>
    </ClInclude>
    <ClInclude Include="include\halflife\ricochet\dlls\weapons.h">
      <Filter>Header Files</Filter>
    </ClInclude>
    <ClInclude Include="include\halflife\ricochet\pm_shared\pm_debug.h">
      <Filter>Header Files</Filter>
    </ClInclude>
    <ClInclude Include="include\halflife\ricochet\pm_shared\pm_defs.h">
      <Filter>Header Files</Filter>
    </ClInclude>
    <ClInclude Include="include\halflife\ricochet\pm_shared\pm_info.h">
      <Filter>Header Files</Filter>
    </ClInclude>
    <ClInclude Include="include\halflife\ricochet\pm_shared\pm_materials.h">
      <Filter>Header Files</Filter>
    </ClInclude>
    <ClInclude Include="include\halflife\ricochet\pm_shared\pm_movevars.h">
      <Filter>Header Files</Filter>
    </ClInclude>
    <ClInclude Include="include\halflife\ricochet\pm_shared\pm_shared.h">
      <Filter>Header Files</Filter>
    </ClInclude>
    <ClInclude Include="include\halflife\utils\common\bspfile.h">
      <Filter>Header Files</Filter>
    </ClInclude>
    <ClInclude Include="include\halflife\utils\common\bsplib.h">
      <Filter>Header Files</Filter>
    </ClInclude>
    <ClInclude Include="include\halflife\utils\common\cmdlib.h">
      <Filter>Header Files</Filter>
    </ClInclude>
    <ClInclude Include="include\halflife\utils\common\l3dslib.h">
      <Filter>Header Files</Filter>
    </ClInclude>
    <ClInclude Include="include\halflife\utils\common\lbmlib.h">
      <Filter>Header Files</Filter>
    </ClInclude>
    <ClInclude Include="include\halflife\utils\common\mathlib.h">
      <Filter>Header Files</Filter>
    </ClInclude>
    <ClInclude Include="include\halflife\utils\common\meter.h">
      <Filter>Header Files</Filter>
    </ClInclude>
    <ClInclude Include="include\halflife\utils\common\movie.h">
      <Filter>Header Files</Filter>
    </ClInclude>
    <ClInclude Include="include\halflife\utils\common\polylib.h">
      <Filter>Header Files</Filter>
    </ClInclude>
    <ClInclude Include="include\halflife\utils\common\scriplib.h">
      <Filter>Header Files</Filter>
    </ClInclude>
    <ClInclude Include="include\halflife\utils\common\threads.h">
      <Filter>Header Files</Filter>
    </ClInclude>
    <ClInclude Include="include\halflife\utils\common\trilib.h">
      <Filter>Header Files</Filter>
    </ClInclude>
    <ClInclude Include="include\halflife\utils\common\wadlib.h">
      <Filter>Header Files</Filter>
    </ClInclude>
    <ClInclude Include="include\halflife\utils\light\new\light.h">
      <Filter>Header Files</Filter>
    </ClInclude>
    <ClInclude Include="include\halflife\utils\light\light.h">
      <Filter>Header Files</Filter>
    </ClInclude>
    <ClInclude Include="include\halflife\utils\mdlviewer\mdlviewer.h">
      <Filter>Header Files</Filter>
    </ClInclude>
    <ClInclude Include="include\halflife\utils\procinfo\procinfo.h">
      <Filter>Header Files</Filter>
    </ClInclude>
    <ClInclude Include="include\halflife\utils\qbsp2\bsp5.h">
      <Filter>Header Files</Filter>
    </ClInclude>
    <ClInclude Include="include\halflife\utils\qcsg\csg.h">
      <Filter>Header Files</Filter>
    </ClInclude>
    <ClInclude Include="include\halflife\utils\qlumpy\qlumpy.h">
      <Filter>Header Files</Filter>
    </ClInclude>
    <ClInclude Include="include\halflife\utils\qrad\qrad.h">
      <Filter>Header Files</Filter>
    </ClInclude>
    <ClInclude Include="include\halflife\utils\serverctrl\resource.h">
      <Filter>Header Files</Filter>
    </ClInclude>
    <ClInclude Include="include\halflife\utils\serverctrl\ServerCtrl.h">
      <Filter>Header Files</Filter>
    </ClInclude>
    <ClInclude Include="include\halflife\utils\serverctrl\ServerCtrlDlg.h">
      <Filter>Header Files</Filter>
    </ClInclude>
    <ClInclude Include="include\halflife\utils\serverctrl\StdAfx.h">
      <Filter>Header Files</Filter>
    </ClInclude>
    <ClInclude Include="include\halflife\utils\smdlexp\smedefs.h">
      <Filter>Header Files</Filter>
    </ClInclude>
    <ClInclude Include="include\halflife\utils\smdlexp\smexprc.h">
      <Filter>Header Files</Filter>
    </ClInclude>
    <ClInclude Include="include\halflife\utils\sprgen\spritegn.h">
      <Filter>Header Files</Filter>
    </ClInclude>
    <ClInclude Include="include\halflife\utils\studiomdl\studiomdl.h">
      <Filter>Header Files</Filter>
    </ClInclude>
    <ClInclude Include="include\halflife\utils\vgui\include\VGUI.h">
      <Filter>Header Files</Filter>
    </ClInclude>
    <ClInclude Include="include\halflife\utils\vgui\include\VGUI_ActionSignal.h">
      <Filter>Header Files</Filter>
    </ClInclude>
    <ClInclude Include="include\halflife\utils\vgui\include\VGUI_App.h">
      <Filter>Header Files</Filter>
    </ClInclude>
    <ClInclude Include="include\halflife\utils\vgui\include\VGUI_Bitmap.h">
      <Filter>Header Files</Filter>
    </ClInclude>
    <ClInclude Include="include\halflife\utils\vgui\include\VGUI_BitmapTGA.h">
      <Filter>Header Files</Filter>
    </ClInclude>
    <ClInclude Include="include\halflife\utils\vgui\include\VGUI_Border.h">
      <Filter>Header Files</Filter>
    </ClInclude>
    <ClInclude Include="include\halflife\utils\vgui\include\VGUI_BorderLayout.h">
      <Filter>Header Files</Filter>
    </ClInclude>
    <ClInclude Include="include\halflife\utils\vgui\include\VGUI_BorderPair.h">
      <Filter>Header Files</Filter>
    </ClInclude>
    <ClInclude Include="include\halflife\utils\vgui\include\VGUI_BuildGroup.h">
      <Filter>Header Files</Filter>
    </ClInclude>
    <ClInclude Include="include\halflife\utils\vgui\include\VGUI_Button.h">
      <Filter>Header Files</Filter>
    </ClInclude>
    <ClInclude Include="include\halflife\utils\vgui\include\VGUI_ButtonController.h">
      <Filter>Header Files</Filter>
    </ClInclude>
    <ClInclude Include="include\halflife\utils\vgui\include\VGUI_ButtonGroup.h">
      <Filter>Header Files</Filter>
    </ClInclude>
    <ClInclude Include="include\halflife\utils\vgui\include\VGUI_ChangeSignal.h">
      <Filter>Header Files</Filter>
    </ClInclude>
    <ClInclude Include="include\halflife\utils\vgui\include\VGUI_CheckButton.h">
      <Filter>Header Files</Filter>
    </ClInclude>
    <ClInclude Include="include\halflife\utils\vgui\include\VGUI_Color.h">
      <Filter>Header Files</Filter>
    </ClInclude>
    <ClInclude Include="include\halflife\utils\vgui\include\VGUI_ComboKey.h">
      <Filter>Header Files</Filter>
    </ClInclude>
    <ClInclude Include="include\halflife\utils\vgui\include\VGUI_ConfigWizard.h">
      <Filter>Header Files</Filter>
    </ClInclude>
    <ClInclude Include="include\halflife\utils\vgui\include\VGUI_Cursor.h">
      <Filter>Header Files</Filter>
    </ClInclude>
    <ClInclude Include="include\halflife\utils\vgui\include\VGUI_Dar.h">
      <Filter>Header Files</Filter>
    </ClInclude>
    <ClInclude Include="include\halflife\utils\vgui\include\VGUI_DataInputStream.h">
      <Filter>Header Files</Filter>
    </ClInclude>
    <ClInclude Include="include\halflife\utils\vgui\include\VGUI_Desktop.h">
      <Filter>Header Files</Filter>
    </ClInclude>
    <ClInclude Include="include\halflife\utils\vgui\include\VGUI_DesktopIcon.h">
      <Filter>Header Files</Filter>
    </ClInclude>
    <ClInclude Include="include\halflife\utils\vgui\include\VGUI_EditPanel.h">
      <Filter>Header Files</Filter>
    </ClInclude>
    <ClInclude Include="include\halflife\utils\vgui\include\VGUI_EtchedBorder.h">
      <Filter>Header Files</Filter>
    </ClInclude>
    <ClInclude Include="include\halflife\utils\vgui\include\VGUI_FileInputStream.h">
      <Filter>Header Files</Filter>
    </ClInclude>
    <ClInclude Include="include\halflife\utils\vgui\include\VGUI_FlowLayout.h">
      <Filter>Header Files</Filter>
    </ClInclude>
    <ClInclude Include="include\halflife\utils\vgui\include\VGUI_FocusChangeSignal.h">
      <Filter>Header Files</Filter>
    </ClInclude>
    <ClInclude Include="include\halflife\utils\vgui\include\VGUI_FocusNavGroup.h">
      <Filter>Header Files</Filter>
    </ClInclude>
    <ClInclude Include="include\halflife\utils\vgui\include\VGUI_Font.h">
      <Filter>Header Files</Filter>
    </ClInclude>
    <ClInclude Include="include\halflife\utils\vgui\include\VGUI_Frame.h">
      <Filter>Header Files</Filter>
    </ClInclude>
    <ClInclude Include="include\halflife\utils\vgui\include\VGUI_FrameSignal.h">
      <Filter>Header Files</Filter>
    </ClInclude>
    <ClInclude Include="include\halflife\utils\vgui\include\VGUI_GridLayout.h">
      <Filter>Header Files</Filter>
    </ClInclude>
    <ClInclude Include="include\halflife\utils\vgui\include\VGUI_HeaderPanel.h">
      <Filter>Header Files</Filter>
    </ClInclude>
    <ClInclude Include="include\halflife\utils\vgui\include\VGUI_Image.h">
      <Filter>Header Files</Filter>
    </ClInclude>
    <ClInclude Include="include\halflife\utils\vgui\include\VGUI_ImagePanel.h">
      <Filter>Header Files</Filter>
    </ClInclude>
    <ClInclude Include="include\halflife\utils\vgui\include\VGUI_InputSignal.h">
      <Filter>Header Files</Filter>
    </ClInclude>
    <ClInclude Include="include\halflife\utils\vgui\include\VGUI_InputStream.h">
      <Filter>Header Files</Filter>
    </ClInclude>
    <ClInclude Include="include\halflife\utils\vgui\include\VGUI_IntChangeSignal.h">
      <Filter>Header Files</Filter>
    </ClInclude>
    <ClInclude Include="include\halflife\utils\vgui\include\VGUI_IntLabel.h">
      <Filter>Header Files</Filter>
    </ClInclude>
    <ClInclude Include="include\halflife\utils\vgui\include\VGUI_KeyCode.h">
      <Filter>Header Files</Filter>
    </ClInclude>
    <ClInclude Include="include\halflife\utils\vgui\include\VGUI_Label.h">
      <Filter>Header Files</Filter>
    </ClInclude>
    <ClInclude Include="include\halflife\utils\vgui\include\VGUI_Layout.h">
      <Filter>Header Files</Filter>
    </ClInclude>
    <ClInclude Include="include\halflife\utils\vgui\include\VGUI_LayoutInfo.h">
      <Filter>Header Files</Filter>
    </ClInclude>
    <ClInclude Include="include\halflife\utils\vgui\include\VGUI_LineBorder.h">
      <Filter>Header Files</Filter>
    </ClInclude>
    <ClInclude Include="include\halflife\utils\vgui\include\VGUI_ListPanel.h">
      <Filter>Header Files</Filter>
    </ClInclude>
    <ClInclude Include="include\halflife\utils\vgui\include\VGUI_LoweredBorder.h">
      <Filter>Header Files</Filter>
    </ClInclude>
    <ClInclude Include="include\halflife\utils\vgui\include\VGUI_Menu.h">
      <Filter>Header Files</Filter>
    </ClInclude>
    <ClInclude Include="include\halflife\utils\vgui\include\VGUI_MenuItem.h">
      <Filter>Header Files</Filter>
    </ClInclude>
    <ClInclude Include="include\halflife\utils\vgui\include\VGUI_MenuSeparator.h">
      <Filter>Header Files</Filter>
    </ClInclude>
    <ClInclude Include="include\halflife\utils\vgui\include\VGUI_MessageBox.h">
      <Filter>Header Files</Filter>
    </ClInclude>
    <ClInclude Include="include\halflife\utils\vgui\include\VGUI_MiniApp.h">
      <Filter>Header Files</Filter>
    </ClInclude>
    <ClInclude Include="include\halflife\utils\vgui\include\VGUI_MouseCode.h">
      <Filter>Header Files</Filter>
    </ClInclude>
    <ClInclude Include="include\halflife\utils\vgui\include\VGUI_Panel.h">
      <Filter>Header Files</Filter>
    </ClInclude>
    <ClInclude Include="include\halflife\utils\vgui\include\VGUI_Point.h">
      <Filter>Header Files</Filter>
    </ClInclude>
    <ClInclude Include="include\halflife\utils\vgui\include\VGUI_PopupMenu.h">
      <Filter>Header Files</Filter>
    </ClInclude>
    <ClInclude Include="include\halflife\utils\vgui\include\VGUI_ProgressBar.h">
      <Filter>Header Files</Filter>
    </ClInclude>
    <ClInclude Include="include\halflife\utils\vgui\include\VGUI_RadioButton.h">
      <Filter>Header Files</Filter>
    </ClInclude>
    <ClInclude Include="include\halflife\utils\vgui\include\VGUI_RaisedBorder.h">
      <Filter>Header Files</Filter>
    </ClInclude>
    <ClInclude Include="include\halflife\utils\vgui\include\VGUI_RepaintSignal.h">
      <Filter>Header Files</Filter>
    </ClInclude>
    <ClInclude Include="include\halflife\utils\vgui\include\VGUI_Scheme.h">
      <Filter>Header Files</Filter>
    </ClInclude>
    <ClInclude Include="include\halflife\utils\vgui\include\VGUI_ScrollBar.h">
      <Filter>Header Files</Filter>
    </ClInclude>
    <ClInclude Include="include\halflife\utils\vgui\include\VGUI_ScrollPanel.h">
      <Filter>Header Files</Filter>
    </ClInclude>
    <ClInclude Include="include\halflife\utils\vgui\include\VGUI_Slider.h">
      <Filter>Header Files</Filter>
    </ClInclude>
    <ClInclude Include="include\halflife\utils\vgui\include\VGUI_StackLayout.h">
      <Filter>Header Files</Filter>
    </ClInclude>
    <ClInclude Include="include\halflife\utils\vgui\include\VGUI_String.h">
      <Filter>Header Files</Filter>
    </ClInclude>
    <ClInclude Include="include\halflife\utils\vgui\include\VGUI_Surface.h">
      <Filter>Header Files</Filter>
    </ClInclude>
    <ClInclude Include="include\halflife\utils\vgui\include\VGUI_SurfaceBase.h">
      <Filter>Header Files</Filter>
    </ClInclude>
    <ClInclude Include="include\halflife\utils\vgui\include\VGUI_SurfaceGL.h">
      <Filter>Header Files</Filter>
    </ClInclude>
    <ClInclude Include="include\halflife\utils\vgui\include\VGUI_TablePanel.h">
      <Filter>Header Files</Filter>
    </ClInclude>
    <ClInclude Include="include\halflife\utils\vgui\include\VGUI_TabPanel.h">
      <Filter>Header Files</Filter>
    </ClInclude>
    <ClInclude Include="include\halflife\utils\vgui\include\VGUI_TaskBar.h">
      <Filter>Header Files</Filter>
    </ClInclude>
    <ClInclude Include="include\halflife\utils\vgui\include\VGUI_TextEntry.h">
      <Filter>Header Files</Filter>
    </ClInclude>
    <ClInclude Include="include\halflife\utils\vgui\include\VGUI_TextGrid.h">
      <Filter>Header Files</Filter>
    </ClInclude>
    <ClInclude Include="include\halflife\utils\vgui\include\VGUI_TextImage.h">
      <Filter>Header Files</Filter>
    </ClInclude>
    <ClInclude Include="include\halflife\utils\vgui\include\VGUI_TextPanel.h">
      <Filter>Header Files</Filter>
    </ClInclude>
    <ClInclude Include="include\halflife\utils\vgui\include\VGUI_TickSignal.h">
      <Filter>Header Files</Filter>
    </ClInclude>
    <ClInclude Include="include\halflife\utils\vgui\include\VGUI_ToggleButton.h">
      <Filter>Header Files</Filter>
    </ClInclude>
    <ClInclude Include="include\halflife\utils\vgui\include\VGUI_TreeFolder.h">
      <Filter>Header Files</Filter>
    </ClInclude>
    <ClInclude Include="include\halflife\utils\vgui\include\VGUI_WizardPanel.h">
      <Filter>Header Files</Filter>
    </ClInclude>
    <ClInclude Include="include\halflife\utils\visx2\vis.h">
      <Filter>Header Files</Filter>
    </ClInclude>
    <ClInclude Include="include\SDK.h">
      <Filter>Header Files</Filter>
    </ClInclude>
    <ClInclude Include="src\pch.h">
      <Filter>Header Files</Filter>
    </ClInclude>
  </ItemGroup>
  <ItemGroup>
    <ClCompile Include="src\main.cpp">
      <Filter>Source Files</Filter>
    </ClCompile>
    <ClCompile Include="src\pch.cpp">
      <Filter>Source Files</Filter>
    </ClCompile>
  </ItemGroup>
</Project>